// !$*UTF8*$!
{
	archiveVersion = 1;
	classes = {
	};
	objectVersion = 50;
	objects = {

/* Begin PBXBuildFile section */
		7E224E0B2512916A0021F876 /* HighScoresViewController.swift in Sources */ = {isa = PBXBuildFile; fileRef = 7E224E0A2512916A0021F876 /* HighScoresViewController.swift */; };
		7E98CFEA2500493C005409C0 /* AppDelegate.swift in Sources */ = {isa = PBXBuildFile; fileRef = 7E98CFE92500493C005409C0 /* AppDelegate.swift */; };
		7E98CFEC2500493C005409C0 /* SceneDelegate.swift in Sources */ = {isa = PBXBuildFile; fileRef = 7E98CFEB2500493C005409C0 /* SceneDelegate.swift */; };
		7E98CFEE2500493C005409C0 /* ViewController.swift in Sources */ = {isa = PBXBuildFile; fileRef = 7E98CFED2500493C005409C0 /* ViewController.swift */; };
		7E98CFF12500493C005409C0 /* Main.storyboard in Resources */ = {isa = PBXBuildFile; fileRef = 7E98CFEF2500493C005409C0 /* Main.storyboard */; };
		7E98CFF32500494F005409C0 /* Assets.xcassets in Resources */ = {isa = PBXBuildFile; fileRef = 7E98CFF22500494F005409C0 /* Assets.xcassets */; };
		7E98CFF62500494F005409C0 /* LaunchScreen.storyboard in Resources */ = {isa = PBXBuildFile; fileRef = 7E98CFF42500494F005409C0 /* LaunchScreen.storyboard */; };
		7EA691E02508266E00218C78 /* AboutViewController.swift in Sources */ = {isa = PBXBuildFile; fileRef = 7EA691DF2508266E00218C78 /* AboutViewController.swift */; };
		7EA691E22508324300218C78 /* Bullseye.html in Resources */ = {isa = PBXBuildFile; fileRef = 7EA691E12508324200218C78 /* Bullseye.html */; };
		7EA691E5250832FC00218C78 /* WebKit.framework in Frameworks */ = {isa = PBXBuildFile; fileRef = 7EA691E4250832FC00218C78 /* WebKit.framework */; };
/* End PBXBuildFile section */

/* Begin PBXFileReference section */
		7E224E0A2512916A0021F876 /* HighScoresViewController.swift */ = {isa = PBXFileReference; lastKnownFileType = sourcecode.swift; path = HighScoresViewController.swift; sourceTree = "<group>"; };
		7E98CFE62500493C005409C0 /* Bullseye.app */ = {isa = PBXFileReference; explicitFileType = wrapper.application; includeInIndex = 0; path = Bullseye.app; sourceTree = BUILT_PRODUCTS_DIR; };
		7E98CFE92500493C005409C0 /* AppDelegate.swift */ = {isa = PBXFileReference; lastKnownFileType = sourcecode.swift; path = AppDelegate.swift; sourceTree = "<group>"; };
		7E98CFEB2500493C005409C0 /* SceneDelegate.swift */ = {isa = PBXFileReference; lastKnownFileType = sourcecode.swift; path = SceneDelegate.swift; sourceTree = "<group>"; };
		7E98CFED2500493C005409C0 /* ViewController.swift */ = {isa = PBXFileReference; lastKnownFileType = sourcecode.swift; path = ViewController.swift; sourceTree = "<group>"; };
		7E98CFF02500493C005409C0 /* Base */ = {isa = PBXFileReference; lastKnownFileType = file.storyboard; name = Base; path = Base.lproj/Main.storyboard; sourceTree = "<group>"; };
		7E98CFF22500494F005409C0 /* Assets.xcassets */ = {isa = PBXFileReference; lastKnownFileType = folder.assetcatalog; path = Assets.xcassets; sourceTree = "<group>"; };
		7E98CFF52500494F005409C0 /* Base */ = {isa = PBXFileReference; lastKnownFileType = file.storyboard; name = Base; path = Base.lproj/LaunchScreen.storyboard; sourceTree = "<group>"; };
		7E98CFF72500494F005409C0 /* Info.plist */ = {isa = PBXFileReference; lastKnownFileType = text.plist.xml; path = Info.plist; sourceTree = "<group>"; };
		7EA691DF2508266E00218C78 /* AboutViewController.swift */ = {isa = PBXFileReference; lastKnownFileType = sourcecode.swift; path = AboutViewController.swift; sourceTree = "<group>"; };
		7EA691E12508324200218C78 /* Bullseye.html */ = {isa = PBXFileReference; fileEncoding = 4; lastKnownFileType = text.html; name = Bullseye.html; path = "../../../../Downloads/iOS_Apprentice_souce_code_v8.2.1/19-getting-started-uikit/Resources/Bullseye.html"; sourceTree = "<group>"; };
		7EA691E4250832FC00218C78 /* WebKit.framework */ = {isa = PBXFileReference; lastKnownFileType = wrapper.framework; name = WebKit.framework; path = System/Library/Frameworks/WebKit.framework; sourceTree = SDKROOT; };
/* End PBXFileReference section */

/* Begin PBXFrameworksBuildPhase section */
		7E98CFE32500493C005409C0 /* Frameworks */ = {
			isa = PBXFrameworksBuildPhase;
			buildActionMask = 2147483647;
			files = (
				7EA691E5250832FC00218C78 /* WebKit.framework in Frameworks */,
			);
			runOnlyForDeploymentPostprocessing = 0;
		};
/* End PBXFrameworksBuildPhase section */

/* Begin PBXGroup section */
		7E98CFDD2500493C005409C0 = {
			isa = PBXGroup;
			children = (
				7E98CFE82500493C005409C0 /* Bullseye */,
				7E98CFE72500493C005409C0 /* Products */,
				7EA691E3250832FC00218C78 /* Frameworks */,
			);
			sourceTree = "<group>";
		};
		7E98CFE72500493C005409C0 /* Products */ = {
			isa = PBXGroup;
			children = (
				7E98CFE62500493C005409C0 /* Bullseye.app */,
			);
			name = Products;
			sourceTree = "<group>";
		};
		7E98CFE82500493C005409C0 /* Bullseye */ = {
			isa = PBXGroup;
			children = (
				7EA691E12508324200218C78 /* Bullseye.html */,
				7E98CFE92500493C005409C0 /* AppDelegate.swift */,
				7E98CFEB2500493C005409C0 /* SceneDelegate.swift */,
				7E98CFED2500493C005409C0 /* ViewController.swift */,
				7EA691DF2508266E00218C78 /* AboutViewController.swift */,
				7E98CFEF2500493C005409C0 /* Main.storyboard */,
				7E224E0A2512916A0021F876 /* HighScoresViewController.swift */,
				7E98CFF22500494F005409C0 /* Assets.xcassets */,
				7E98CFF42500494F005409C0 /* LaunchScreen.storyboard */,
				7E98CFF72500494F005409C0 /* Info.plist */,
			);
			path = Bullseye;
			sourceTree = "<group>";
		};
		7EA691E3250832FC00218C78 /* Frameworks */ = {
			isa = PBXGroup;
			children = (
				7EA691E4250832FC00218C78 /* WebKit.framework */,
			);
			name = Frameworks;
			sourceTree = "<group>";
		};
/* End PBXGroup section */

/* Begin PBXNativeTarget section */
		7E98CFE52500493C005409C0 /* Bullseye */ = {
			isa = PBXNativeTarget;
			buildConfigurationList = 7E98CFFA2500494F005409C0 /* Build configuration list for PBXNativeTarget "Bullseye" */;
			buildPhases = (
				7E98CFE22500493C005409C0 /* Sources */,
				7E98CFE32500493C005409C0 /* Frameworks */,
				7E98CFE42500493C005409C0 /* Resources */,
			);
			buildRules = (
			);
			dependencies = (
			);
			name = Bullseye;
			productName = Bullseye;
			productReference = 7E98CFE62500493C005409C0 /* Bullseye.app */;
			productType = "com.apple.product-type.application";
		};
/* End PBXNativeTarget section */

/* Begin PBXProject section */
		7E98CFDE2500493C005409C0 /* Project object */ = {
			isa = PBXProject;
			attributes = {
				LastSwiftUpdateCheck = 1170;
				LastUpgradeCheck = 1170;
				ORGANIZATIONNAME = "Jason Chen";
				TargetAttributes = {
					7E98CFE52500493C005409C0 = {
						CreatedOnToolsVersion = 11.7;
					};
				};
			};
			buildConfigurationList = 7E98CFE12500493C005409C0 /* Build configuration list for PBXProject "Bullseye" */;
			compatibilityVersion = "Xcode 9.3";
			developmentRegion = en;
			hasScannedForEncodings = 0;
			knownRegions = (
				en,
				Base,
			);
			mainGroup = 7E98CFDD2500493C005409C0;
			productRefGroup = 7E98CFE72500493C005409C0 /* Products */;
			projectDirPath = "";
			projectRoot = "";
			targets = (
				7E98CFE52500493C005409C0 /* Bullseye */,
			);
		};
/* End PBXProject section */

/* Begin PBXResourcesBuildPhase section */
		7E98CFE42500493C005409C0 /* Resources */ = {
			isa = PBXResourcesBuildPhase;
			buildActionMask = 2147483647;
			files = (
				7E98CFF62500494F005409C0 /* LaunchScreen.storyboard in Resources */,
				7EA691E22508324300218C78 /* Bullseye.html in Resources */,
				7E98CFF32500494F005409C0 /* Assets.xcassets in Resources */,
				7E98CFF12500493C005409C0 /* Main.storyboard in Resources */,
			);
			runOnlyForDeploymentPostprocessing = 0;
		};
/* End PBXResourcesBuildPhase section */

/* Begin PBXSourcesBuildPhase section */
		7E98CFE22500493C005409C0 /* Sources */ = {
			isa = PBXSourcesBuildPhase;
			buildActionMask = 2147483647;
			files = (
				7E224E0B2512916A0021F876 /* HighScoresViewController.swift in Sources */,
				7E98CFEE2500493C005409C0 /* ViewController.swift in Sources */,
				7E98CFEA2500493C005409C0 /* AppDelegate.swift in Sources */,
				7EA691E02508266E00218C78 /* AboutViewController.swift in Sources */,
				7E98CFEC2500493C005409C0 /* SceneDelegate.swift in Sources */,
			);
			runOnlyForDeploymentPostprocessing = 0;
		};
/* End PBXSourcesBuildPhase section */

/* Begin PBXVariantGroup section */
		7E98CFEF2500493C005409C0 /* Main.storyboard */ = {
			isa = PBXVariantGroup;
			children = (
				7E98CFF02500493C005409C0 /* Base */,
			);
			name = Main.storyboard;
			sourceTree = "<group>";
		};
		7E98CFF42500494F005409C0 /* LaunchScreen.storyboard */ = {
			isa = PBXVariantGroup;
			children = (
				7E98CFF52500494F005409C0 /* Base */,
			);
			name = LaunchScreen.storyboard;
			sourceTree = "<group>";
		};
/* End PBXVariantGroup section */

/* Begin XCBuildConfiguration section */
		7E98CFF82500494F005409C0 /* Debug */ = {
			isa = XCBuildConfiguration;
			buildSettings = {
				ALWAYS_SEARCH_USER_PATHS = NO;
				CLANG_ANALYZER_NONNULL = YES;
				CLANG_ANALYZER_NUMBER_OBJECT_CONVERSION = YES_AGGRESSIVE;
				CLANG_CXX_LANGUAGE_STANDARD = "gnu++14";
				CLANG_CXX_LIBRARY = "libc++";
				CLANG_ENABLE_MODULES = YES;
				CLANG_ENABLE_OBJC_ARC = YES;
				CLANG_ENABLE_OBJC_WEAK = YES;
				CLANG_WARN_BLOCK_CAPTURE_AUTORELEASING = YES;
				CLANG_WARN_BOOL_CONVERSION = YES;
				CLANG_WARN_COMMA = YES;
				CLANG_WARN_CONSTANT_CONVERSION = YES;
				CLANG_WARN_DEPRECATED_OBJC_IMPLEMENTATIONS = YES;
				CLANG_WARN_DIRECT_OBJC_ISA_USAGE = YES_ERROR;
				CLANG_WARN_DOCUMENTATION_COMMENTS = YES;
				CLANG_WARN_EMPTY_BODY = YES;
				CLANG_WARN_ENUM_CONVERSION = YES;
				CLANG_WARN_INFINITE_RECURSION = YES;
				CLANG_WARN_INT_CONVERSION = YES;
				CLANG_WARN_NON_LITERAL_NULL_CONVERSION = YES;
				CLANG_WARN_OBJC_IMPLICIT_RETAIN_SELF = YES;
				CLANG_WARN_OBJC_LITERAL_CONVERSION = YES;
				CLANG_WARN_OBJC_ROOT_CLASS = YES_ERROR;
				CLANG_WARN_RANGE_LOOP_ANALYSIS = YES;
				CLANG_WARN_STRICT_PROTOTYPES = YES;
				CLANG_WARN_SUSPICIOUS_MOVE = YES;
				CLANG_WARN_UNGUARDED_AVAILABILITY = YES_AGGRESSIVE;
				CLANG_WARN_UNREACHABLE_CODE = YES;
				CLANG_WARN__DUPLICATE_METHOD_MATCH = YES;
				COPY_PHASE_STRIP = NO;
				DEBUG_INFORMATION_FORMAT = dwarf;
				ENABLE_STRICT_OBJC_MSGSEND = YES;
				ENABLE_TESTABILITY = YES;
				GCC_C_LANGUAGE_STANDARD = gnu11;
				GCC_DYNAMIC_NO_PIC = NO;
				GCC_NO_COMMON_BLOCKS = YES;
				GCC_OPTIMIZATION_LEVEL = 0;
				GCC_PREPROCESSOR_DEFINITIONS = (
					"DEBUG=1",
					"$(inherited)",
				);
				GCC_WARN_64_TO_32_BIT_CONVERSION = YES;
				GCC_WARN_ABOUT_RETURN_TYPE = YES_ERROR;
				GCC_WARN_UNDECLARED_SELECTOR = YES;
				GCC_WARN_UNINITIALIZED_AUTOS = YES_AGGRESSIVE;
				GCC_WARN_UNUSED_FUNCTION = YES;
				GCC_WARN_UNUSED_VARIABLE = YES;
				IPHONEOS_DEPLOYMENT_TARGET = 13.7;
				MTL_ENABLE_DEBUG_INFO = INCLUDE_SOURCE;
				MTL_FAST_MATH = YES;
				ONLY_ACTIVE_ARCH = YES;
				SDKROOT = iphoneos;
				SWIFT_ACTIVE_COMPILATION_CONDITIONS = DEBUG;
				SWIFT_OPTIMIZATION_LEVEL = "-Onone";
			};
			name = Debug;
		};
		7E98CFF92500494F005409C0 /* Release */ = {
			isa = XCBuildConfiguration;
			buildSettings = {
				ALWAYS_SEARCH_USER_PATHS = NO;
				CLANG_ANALYZER_NONNULL = YES;
				CLANG_ANALYZER_NUMBER_OBJECT_CONVERSION = YES_AGGRESSIVE;
				CLANG_CXX_LANGUAGE_STANDARD = "gnu++14";
				CLANG_CXX_LIBRARY = "libc++";
				CLANG_ENABLE_MODULES = YES;
				CLANG_ENABLE_OBJC_ARC = YES;
				CLANG_ENABLE_OBJC_WEAK = YES;
				CLANG_WARN_BLOCK_CAPTURE_AUTORELEASING = YES;
				CLANG_WARN_BOOL_CONVERSION = YES;
				CLANG_WARN_COMMA = YES;
				CLANG_WARN_CONSTANT_CONVERSION = YES;
				CLANG_WARN_DEPRECATED_OBJC_IMPLEMENTATIONS = YES;
				CLANG_WARN_DIRECT_OBJC_ISA_USAGE = YES_ERROR;
				CLANG_WARN_DOCUMENTATION_COMMENTS = YES;
				CLANG_WARN_EMPTY_BODY = YES;
				CLANG_WARN_ENUM_CONVERSION = YES;
				CLANG_WARN_INFINITE_RECURSION = YES;
				CLANG_WARN_INT_CONVERSION = YES;
				CLANG_WARN_NON_LITERAL_NULL_CONVERSION = YES;
				CLANG_WARN_OBJC_IMPLICIT_RETAIN_SELF = YES;
				CLANG_WARN_OBJC_LITERAL_CONVERSION = YES;
				CLANG_WARN_OBJC_ROOT_CLASS = YES_ERROR;
				CLANG_WARN_RANGE_LOOP_ANALYSIS = YES;
				CLANG_WARN_STRICT_PROTOTYPES = YES;
				CLANG_WARN_SUSPICIOUS_MOVE = YES;
				CLANG_WARN_UNGUARDED_AVAILABILITY = YES_AGGRESSIVE;
				CLANG_WARN_UNREACHABLE_CODE = YES;
				CLANG_WARN__DUPLICATE_METHOD_MATCH = YES;
				COPY_PHASE_STRIP = NO;
				DEBUG_INFORMATION_FORMAT = "dwarf-with-dsym";
				ENABLE_NS_ASSERTIONS = NO;
				ENABLE_STRICT_OBJC_MSGSEND = YES;
				GCC_C_LANGUAGE_STANDARD = gnu11;
				GCC_NO_COMMON_BLOCKS = YES;
				GCC_WARN_64_TO_32_BIT_CONVERSION = YES;
				GCC_WARN_ABOUT_RETURN_TYPE = YES_ERROR;
				GCC_WARN_UNDECLARED_SELECTOR = YES;
				GCC_WARN_UNINITIALIZED_AUTOS = YES_AGGRESSIVE;
				GCC_WARN_UNUSED_FUNCTION = YES;
				GCC_WARN_UNUSED_VARIABLE = YES;
				IPHONEOS_DEPLOYMENT_TARGET = 13.7;
				MTL_ENABLE_DEBUG_INFO = NO;
				MTL_FAST_MATH = YES;
				SDKROOT = iphoneos;
				SWIFT_COMPILATION_MODE = wholemodule;
				SWIFT_OPTIMIZATION_LEVEL = "-O";
				VALIDATE_PRODUCT = YES;
			};
			name = Release;
		};
		7E98CFFB2500494F005409C0 /* Debug */ = {
			isa = XCBuildConfiguration;
			buildSettings = {
				ASSETCATALOG_COMPILER_APPICON_NAME = AppIcon;
				CODE_SIGN_STYLE = Automatic;
				INFOPLIST_FILE = Bullseye/Info.plist;
				LD_RUNPATH_SEARCH_PATHS = (
					"$(inherited)",
					"@executable_path/Frameworks",
				);
				PRODUCT_BUNDLE_IDENTIFIER = "jason-chen.Bullseye";
				PRODUCT_NAME = "$(TARGET_NAME)";
				SWIFT_VERSION = 5.0;
				TARGETED_DEVICE_FAMILY = "1,2";
			};
			name = Debug;
		};
		7E98CFFC2500494F005409C0 /* Release */ = {
			isa = XCBuildConfiguration;
			buildSettings = {
				ASSETCATALOG_COMPILER_APPICON_NAME = AppIcon;
				CODE_SIGN_STYLE = Automatic;
				INFOPLIST_FILE = Bullseye/Info.plist;
				LD_RUNPATH_SEARCH_PATHS = (
					"$(inherited)",
					"@executable_path/Frameworks",
				);
				PRODUCT_BUNDLE_IDENTIFIER = "jason-chen.Bullseye";
				PRODUCT_NAME = "$(TARGET_NAME)";
				SWIFT_VERSION = 5.0;
				TARGETED_DEVICE_FAMILY = "1,2";
			};
			name = Release;
		};
/* End XCBuildConfiguration section */

/* Begin XCConfigurationList section */
		7E98CFE12500493C005409C0 /* Build configuration list for PBXProject "Bullseye" */ = {
			isa = XCConfigurationList;
			buildConfigurations = (
				7E98CFF82500494F005409C0 /* Debug */,
				7E98CFF92500494F005409C0 /* Release */,
			);
			defaultConfigurationIsVisible = 0;
			defaultConfigurationName = Release;
		};
		7E98CFFA2500494F005409C0 /* Build configuration list for PBXNativeTarget "Bullseye" */ = {
			isa = XCConfigurationList;
			buildConfigurations = (
				7E98CFFB2500494F005409C0 /* Debug */,
				7E98CFFC2500494F005409C0 /* Release */,
			);
			defaultConfigurationIsVisible = 0;
			defaultConfigurationName = Release;
		};
/* End XCConfigurationList section */
	};
	rootObject = 7E98CFDE2500493C005409C0 /* Project object */;
}
